PODS:
  - Flutter (1.0.0)
  - show_dialog (0.0.1):
    - Flutter

DEPENDENCIES:
  - Flutter (from `.symlinks/flutter/ios`)
  - show_dialog (from `.symlinks/plugins/show_dialog/ios`)

EXTERNAL SOURCES:
  Flutter:
    :path: ".symlinks/flutter/ios"
  show_dialog:
    :path: ".symlinks/plugins/show_dialog/ios"

SPEC CHECKSUMS:
  Flutter: 9d0fac939486c9aba2809b7982dfdbb47a7b0296
  show_dialog: ec730f136bca634665319b0a1e4ec56e678f5fd9

PODFILE CHECKSUM: aff02bfeed411c636180d6812254b2daeea14d09

COCOAPODS: 1.5.3
